
Microsoft Visual Studio Solution File, Format Version 12.00
# Visual Studio Version 16
VisualStudioVersion = 16.0.31025.194
MinimumVisualStudioVersion = 10.0.40219.1
Project("{FAE04EC0-301F-11D3-BF4B-00C04F79EFBC}") = "Investrosite", "Investrosite\Investrosite.csproj", "{6AB6E3DB-C6BF-4BBF-9C69-7B7EE7D47D41}"
EndProject
Global
	GlobalSection(SolutionConfigurationPlatforms) = preSolution
		Debug|Any CPU = Debug|Any CPU
		Release|Any CPU = Release|Any CPU
	EndGlobalSection
	GlobalSection(ProjectConfigurationPlatforms) = postSolution
		{6AB6E3DB-C6BF-4BBF-9C69-7B7EE7D47D41}.Debug|Any CPU.ActiveCfg = Debug|Any CPU
		{6AB6E3DB-C6BF-4BBF-9C69-7B7EE7D47D41}.Debug|Any CPU.Build.0 = Debug|Any CPU
		{6AB6E3DB-C6BF-4BBF-9C69-7B7EE7D47D41}.Release|Any CPU.ActiveCfg = Release|Any CPU
		{6AB6E3DB-C6BF-4BBF-9C69-7B7EE7D47D41}.Release|Any CPU.Build.0 = Release|Any CPU
	EndGlobalSection
	GlobalSection(SolutionProperties) = preSolution
		HideSolutionNode = FALSE
	EndGlobalSection
	GlobalSection(ExtensibilityGlobals) = postSolution
		SolutionGuid = {FCD4C46A-49BB-47C8-BB05-4295DA140B64}
	EndGlobalSection
EndGlobal
